
Microsoft Visual Studio Solution File, Format Version 12.00
# Visual Studio Version 17
VisualStudioVersion = 17.9.34728.123
MinimumVisualStudioVersion = 10.0.40219.1
Project("{FAE04EC0-301F-11D3-BF4B-00C04F79EFBC}") = "StatiAuthenticator", "StatiAuthenticator\StatiAuthenticator.csproj", "{8E00EBC7-1B99-443A-9579-ECB505C572A4}"
EndProject
Global
	GlobalSection(SolutionConfigurationPlatforms) = preSolution
		Debug|Any CPU = Debug|Any CPU
		Release|Any CPU = Release|Any CPU
	EndGlobalSection
	GlobalSection(ProjectConfigurationPlatforms) = postSolution
		{8E00EBC7-1B99-443A-9579-ECB505C572A4}.Debug|Any CPU.ActiveCfg = Debug|Any CPU
		{8E00EBC7-1B99-443A-9579-ECB505C572A4}.Debug|Any CPU.Build.0 = Debug|Any CPU
		{8E00EBC7-1B99-443A-9579-ECB505C572A4}.Release|Any CPU.ActiveCfg = Release|Any CPU
		{8E00EBC7-1B99-443A-9579-ECB505C572A4}.Release|Any CPU.Build.0 = Release|Any CPU
	EndGlobalSection
	GlobalSection(SolutionProperties) = preSolution
		HideSolutionNode = FALSE
	EndGlobalSection
	GlobalSection(ExtensibilityGlobals) = postSolution
		SolutionGuid = {5C673BB0-570A-46CF-80B5-AC3201D0541E}
	EndGlobalSection
EndGlobal
